
Microsoft Visual Studio Solution File, Format Version 12.00
# Visual Studio Version 17
VisualStudioVersion = 17.3.32922.545
MinimumVisualStudioVersion = 10.0.40219.1
Project("{FAE04EC0-301F-11D3-BF4B-00C04F79EFBC}") = "HW_13", "HW_13\HW_13.csproj", "{7B49E72E-B416-4A54-9CC4-15F9EE49290A}"
EndProject
Global
	GlobalSection(SolutionConfigurationPlatforms) = preSolution
		Debug|Any CPU = Debug|Any CPU
		Release|Any CPU = Release|Any CPU
	EndGlobalSection
	GlobalSection(ProjectConfigurationPlatforms) = postSolution
		{7B49E72E-B416-4A54-9CC4-15F9EE49290A}.Debug|Any CPU.ActiveCfg = Debug|Any CPU
		{7B49E72E-B416-4A54-9CC4-15F9EE49290A}.Debug|Any CPU.Build.0 = Debug|Any CPU
		{7B49E72E-B416-4A54-9CC4-15F9EE49290A}.Release|Any CPU.ActiveCfg = Release|Any CPU
		{7B49E72E-B416-4A54-9CC4-15F9EE49290A}.Release|Any CPU.Build.0 = Release|Any CPU
	EndGlobalSection
	GlobalSection(SolutionProperties) = preSolution
		HideSolutionNode = FALSE
	EndGlobalSection
	GlobalSection(ExtensibilityGlobals) = postSolution
		SolutionGuid = {2D54AF96-FFB5-4A71-9C0E-8407C4AFE4D5}
	EndGlobalSection
EndGlobal
